{
  "pins" : [
    {
      "identity" : "urlqueryitemcoder",
      "kind" : "remoteSourceControl",
      "location" : "https://github.com/kylehughes/URLQueryItemCoder.git",
      "state" : {
        "revision" : "a828b3bb5b273adf85a3ca95d9705987cb2de7c7",
        "version" : "1.0.0"
      }
    }
  ],
  "version" : 2
}
